{
  "nodes": {
    "flake-utils": {
      "locked": {
        "lastModified": 1634851050,
        "narHash": "sha256-N83GlSGPJJdcqhUxSCS/WwW5pksYf3VP1M13cDRTSVA=",
        "owner": "numtide",
        "repo": "flake-utils",
        "rev": "c91f3de5adaf1de973b797ef7485e441a65b8935",
        "type": "github"
      },
      "original": {
        "owner": "numtide",
        "repo": "flake-utils",
        "type": "github"
      }
    },
    "flake-utils_2": {
      "locked": {
        "lastModified": 1634851050,
        "narHash": "sha256-N83GlSGPJJdcqhUxSCS/WwW5pksYf3VP1M13cDRTSVA=",
        "owner": "numtide",
        "repo": "flake-utils",
        "rev": "c91f3de5adaf1de973b797ef7485e441a65b8935",
        "type": "github"
      },
      "original": {
        "owner": "numtide",
        "repo": "flake-utils",
        "type": "github"
      }
    },
    "flake-utils_3": {
      "locked": {
        "lastModified": 1623875721,
        "narHash": "sha256-A8BU7bjS5GirpAUv4QA+QnJ4CceLHkcXdRp4xITDB0s=",
        "owner": "numtide",
        "repo": "flake-utils",
        "rev": "f7e004a55b120c02ecb6219596820fcd32ca8772",
        "type": "github"
      },
      "original": {
        "owner": "numtide",
        "repo": "flake-utils",
        "type": "github"
      }
    },
    "nixpkgs": {
      "locked": {
        "lastModified": 1635295995,
        "narHash": "sha256-sGYiXjFlxTTMNb4NSkgvX+knOOTipE6gqwPUQpxNF+c=",
        "owner": "NixOS",
        "repo": "nixpkgs",
        "rev": "22a500a3f87bbce73bd8d777ef920b43a636f018",
        "type": "github"
      },
      "original": {
        "owner": "NixOS",
        "ref": "nixpkgs-unstable",
        "repo": "nixpkgs",
        "type": "github"
      }
    },
    "root": {
      "inputs": {
        "flake-utils": "flake-utils",
        "nixpkgs": "nixpkgs",
        "saber-overlay": "saber-overlay"
      }
    },
    "rust-overlay": {
      "inputs": {
        "flake-utils": "flake-utils_3",
        "nixpkgs": [
          "nixpkgs"
        ]
      },
      "locked": {
        "lastModified": 1634955529,
        "narHash": "sha256-JblLwk4vYtRM/uJILfxve7bhGXLdI1lacZar5zQXjnM=",
        "owner": "oxalica",
        "repo": "rust-overlay",
        "rev": "e0b4846b8db4d418f4dc5f8cf6894dc61b1707df",
        "type": "github"
      },
      "original": {
        "owner": "oxalica",
        "repo": "rust-overlay",
        "type": "github"
      }
    },
    "saber-overlay": {
      "inputs": {
        "flake-utils": "flake-utils_2",
        "nixpkgs": [
          "nixpkgs"
        ],
        "rust-overlay": "rust-overlay"
      },
      "locked": {
        "lastModified": 1635378334,
        "narHash": "sha256-+zuetu6pAcoZZjCDt3sGpnD6Di15kVZ3lF2er0jA9No=",
        "owner": "saber-hq",
        "repo": "saber-overlay",
        "rev": "348f1d6c1930bec5384b85296719f6146c7661df",
        "type": "github"
      },
      "original": {
        "owner": "saber-hq",
        "repo": "saber-overlay",
        "type": "github"
      }
    }
  },
  "root": "root",
  "version": 7
}
